
Microsoft Visual Studio Solution File, Format Version 12.00
# Visual Studio Version 17
VisualStudioVersion = 17.6.33815.320
MinimumVisualStudioVersion = 10.0.40219.1
Project("{FAE04EC0-301F-11D3-BF4B-00C04F79EFBC}") = "EmployeeMS", "EmployeeMS\EmployeeMS.csproj", "{6C829A46-4486-4E86-B781-20C5B41BA251}"
EndProject
Global
	GlobalSection(SolutionConfigurationPlatforms) = preSolution
		Debug|Any CPU = Debug|Any CPU
		Release|Any CPU = Release|Any CPU
	EndGlobalSection
	GlobalSection(ProjectConfigurationPlatforms) = postSolution
		{6C829A46-4486-4E86-B781-20C5B41BA251}.Debug|Any CPU.ActiveCfg = Debug|Any CPU
		{6C829A46-4486-4E86-B781-20C5B41BA251}.Debug|Any CPU.Build.0 = Debug|Any CPU
		{6C829A46-4486-4E86-B781-20C5B41BA251}.Release|Any CPU.ActiveCfg = Release|Any CPU
		{6C829A46-4486-4E86-B781-20C5B41BA251}.Release|Any CPU.Build.0 = Release|Any CPU
	EndGlobalSection
	GlobalSection(SolutionProperties) = preSolution
		HideSolutionNode = FALSE
	EndGlobalSection
	GlobalSection(ExtensibilityGlobals) = postSolution
		SolutionGuid = {2DA5CE0B-2B9D-4E29-9044-6ED636FF2C6D}
	EndGlobalSection
EndGlobal
