
Microsoft Visual Studio Solution File, Format Version 12.00
# Visual Studio Version 17
VisualStudioVersion = 17.6.33815.320
MinimumVisualStudioVersion = 10.0.40219.1
Project("{FAE04EC0-301F-11D3-BF4B-00C04F79EFBC}") = "Phase3Section3.10", "Phase3Section3.10\Phase3Section3.10.csproj", "{05A3F6D0-4D59-4F1C-8837-46DA124EB2E7}"
EndProject
Global
	GlobalSection(SolutionConfigurationPlatforms) = preSolution
		Debug|Any CPU = Debug|Any CPU
		Release|Any CPU = Release|Any CPU
	EndGlobalSection
	GlobalSection(ProjectConfigurationPlatforms) = postSolution
		{05A3F6D0-4D59-4F1C-8837-46DA124EB2E7}.Debug|Any CPU.ActiveCfg = Debug|Any CPU
		{05A3F6D0-4D59-4F1C-8837-46DA124EB2E7}.Debug|Any CPU.Build.0 = Debug|Any CPU
		{05A3F6D0-4D59-4F1C-8837-46DA124EB2E7}.Release|Any CPU.ActiveCfg = Release|Any CPU
		{05A3F6D0-4D59-4F1C-8837-46DA124EB2E7}.Release|Any CPU.Build.0 = Release|Any CPU
	EndGlobalSection
	GlobalSection(SolutionProperties) = preSolution
		HideSolutionNode = FALSE
	EndGlobalSection
	GlobalSection(ExtensibilityGlobals) = postSolution
		SolutionGuid = {82790E25-685A-4384-BBB5-881E322A7C64}
	EndGlobalSection
EndGlobal
