
Microsoft Visual Studio Solution File, Format Version 12.00
# Visual Studio Version 17
VisualStudioVersion = 17.6.33815.320
MinimumVisualStudioVersion = 10.0.40219.1
Project("{FAE04EC0-301F-11D3-BF4B-00C04F79EFBC}") = "Phase3Section2.18", "Phase3Section2.18\Phase3Section2.18.csproj", "{81E781CF-F2BF-4762-8D64-1C939B9C410A}"
EndProject
Global
	GlobalSection(SolutionConfigurationPlatforms) = preSolution
		Debug|Any CPU = Debug|Any CPU
		Release|Any CPU = Release|Any CPU
	EndGlobalSection
	GlobalSection(ProjectConfigurationPlatforms) = postSolution
		{81E781CF-F2BF-4762-8D64-1C939B9C410A}.Debug|Any CPU.ActiveCfg = Debug|Any CPU
		{81E781CF-F2BF-4762-8D64-1C939B9C410A}.Debug|Any CPU.Build.0 = Debug|Any CPU
		{81E781CF-F2BF-4762-8D64-1C939B9C410A}.Release|Any CPU.ActiveCfg = Release|Any CPU
		{81E781CF-F2BF-4762-8D64-1C939B9C410A}.Release|Any CPU.Build.0 = Release|Any CPU
	EndGlobalSection
	GlobalSection(SolutionProperties) = preSolution
		HideSolutionNode = FALSE
	EndGlobalSection
	GlobalSection(ExtensibilityGlobals) = postSolution
		SolutionGuid = {02785FE8-F54E-4845-8D4B-5DE2BED5D749}
	EndGlobalSection
EndGlobal
