
Microsoft Visual Studio Solution File, Format Version 12.00
# Visual Studio Version 17
VisualStudioVersion = 17.6.33815.320
MinimumVisualStudioVersion = 10.0.40219.1
Project("{FAE04EC0-301F-11D3-BF4B-00C04F79EFBC}") = "Phase3Section3.36", "Phase3Section3.36\Phase3Section3.36.csproj", "{942ADDD6-7F6F-4201-BC40-9617ACD4C9A4}"
EndProject
Global
	GlobalSection(SolutionConfigurationPlatforms) = preSolution
		Debug|Any CPU = Debug|Any CPU
		Release|Any CPU = Release|Any CPU
	EndGlobalSection
	GlobalSection(ProjectConfigurationPlatforms) = postSolution
		{942ADDD6-7F6F-4201-BC40-9617ACD4C9A4}.Debug|Any CPU.ActiveCfg = Debug|Any CPU
		{942ADDD6-7F6F-4201-BC40-9617ACD4C9A4}.Debug|Any CPU.Build.0 = Debug|Any CPU
		{942ADDD6-7F6F-4201-BC40-9617ACD4C9A4}.Release|Any CPU.ActiveCfg = Release|Any CPU
		{942ADDD6-7F6F-4201-BC40-9617ACD4C9A4}.Release|Any CPU.Build.0 = Release|Any CPU
	EndGlobalSection
	GlobalSection(SolutionProperties) = preSolution
		HideSolutionNode = FALSE
	EndGlobalSection
	GlobalSection(ExtensibilityGlobals) = postSolution
		SolutionGuid = {B63B09ED-FF3D-40F8-9C2E-5623261F938C}
	EndGlobalSection
EndGlobal
