
Microsoft Visual Studio Solution File, Format Version 12.00
# Visual Studio Version 17
VisualStudioVersion = 17.6.33815.320
MinimumVisualStudioVersion = 10.0.40219.1
Project("{FAE04EC0-301F-11D3-BF4B-00C04F79EFBC}") = "Phase3Section3.9", "Phase3Section3.9\Phase3Section3.9.csproj", "{B98664D7-7B64-4BE7-AF48-755F820E8542}"
EndProject
Global
	GlobalSection(SolutionConfigurationPlatforms) = preSolution
		Debug|Any CPU = Debug|Any CPU
		Release|Any CPU = Release|Any CPU
	EndGlobalSection
	GlobalSection(ProjectConfigurationPlatforms) = postSolution
		{B98664D7-7B64-4BE7-AF48-755F820E8542}.Debug|Any CPU.ActiveCfg = Debug|Any CPU
		{B98664D7-7B64-4BE7-AF48-755F820E8542}.Debug|Any CPU.Build.0 = Debug|Any CPU
		{B98664D7-7B64-4BE7-AF48-755F820E8542}.Release|Any CPU.ActiveCfg = Release|Any CPU
		{B98664D7-7B64-4BE7-AF48-755F820E8542}.Release|Any CPU.Build.0 = Release|Any CPU
	EndGlobalSection
	GlobalSection(SolutionProperties) = preSolution
		HideSolutionNode = FALSE
	EndGlobalSection
	GlobalSection(ExtensibilityGlobals) = postSolution
		SolutionGuid = {DDF44CCB-BBF8-4BA1-8E59-D4DD1D18D431}
	EndGlobalSection
EndGlobal
