
Microsoft Visual Studio Solution File, Format Version 12.00
# Visual Studio Version 17
VisualStudioVersion = 17.6.33815.320
MinimumVisualStudioVersion = 10.0.40219.1
Project("{FAE04EC0-301F-11D3-BF4B-00C04F79EFBC}") = "Phase3HTMLForms", "Phase3HTMLForms\Phase3HTMLForms.csproj", "{A771E79D-1BE1-4ABA-B6B9-8439F8E98D1F}"
EndProject
Global
	GlobalSection(SolutionConfigurationPlatforms) = preSolution
		Debug|Any CPU = Debug|Any CPU
		Release|Any CPU = Release|Any CPU
	EndGlobalSection
	GlobalSection(ProjectConfigurationPlatforms) = postSolution
		{A771E79D-1BE1-4ABA-B6B9-8439F8E98D1F}.Debug|Any CPU.ActiveCfg = Debug|Any CPU
		{A771E79D-1BE1-4ABA-B6B9-8439F8E98D1F}.Debug|Any CPU.Build.0 = Debug|Any CPU
		{A771E79D-1BE1-4ABA-B6B9-8439F8E98D1F}.Release|Any CPU.ActiveCfg = Release|Any CPU
		{A771E79D-1BE1-4ABA-B6B9-8439F8E98D1F}.Release|Any CPU.Build.0 = Release|Any CPU
	EndGlobalSection
	GlobalSection(SolutionProperties) = preSolution
		HideSolutionNode = FALSE
	EndGlobalSection
	GlobalSection(ExtensibilityGlobals) = postSolution
		SolutionGuid = {0760DC38-2776-4479-B3B3-C7C01E43BD64}
	EndGlobalSection
EndGlobal
