
Microsoft Visual Studio Solution File, Format Version 12.00
# Visual Studio Version 17
VisualStudioVersion = 17.6.33815.320
MinimumVisualStudioVersion = 10.0.40219.1
Project("{FAE04EC0-301F-11D3-BF4B-00C04F79EFBC}") = "Phase3Section2.10b", "Phase3Section2.10b\Phase3Section2.10b.csproj", "{C6475346-F515-4B15-A053-0285AA1A7A1E}"
EndProject
Global
	GlobalSection(SolutionConfigurationPlatforms) = preSolution
		Debug|Any CPU = Debug|Any CPU
		Release|Any CPU = Release|Any CPU
	EndGlobalSection
	GlobalSection(ProjectConfigurationPlatforms) = postSolution
		{C6475346-F515-4B15-A053-0285AA1A7A1E}.Debug|Any CPU.ActiveCfg = Debug|Any CPU
		{C6475346-F515-4B15-A053-0285AA1A7A1E}.Debug|Any CPU.Build.0 = Debug|Any CPU
		{C6475346-F515-4B15-A053-0285AA1A7A1E}.Release|Any CPU.ActiveCfg = Release|Any CPU
		{C6475346-F515-4B15-A053-0285AA1A7A1E}.Release|Any CPU.Build.0 = Release|Any CPU
	EndGlobalSection
	GlobalSection(SolutionProperties) = preSolution
		HideSolutionNode = FALSE
	EndGlobalSection
	GlobalSection(ExtensibilityGlobals) = postSolution
		SolutionGuid = {755530AE-8FB1-4F13-9EA7-FB94F738C362}
	EndGlobalSection
EndGlobal
