
Microsoft Visual Studio Solution File, Format Version 12.00
# Visual Studio Version 17
VisualStudioVersion = 17.6.33815.320
MinimumVisualStudioVersion = 10.0.40219.1
Project("{FAE04EC0-301F-11D3-BF4B-00C04F79EFBC}") = "Phase3Section3.11", "Phase3Section3.11\Phase3Section3.11.csproj", "{3881A018-A204-45FC-948E-36E4E52AAE24}"
EndProject
Global
	GlobalSection(SolutionConfigurationPlatforms) = preSolution
		Debug|Any CPU = Debug|Any CPU
		Release|Any CPU = Release|Any CPU
	EndGlobalSection
	GlobalSection(ProjectConfigurationPlatforms) = postSolution
		{3881A018-A204-45FC-948E-36E4E52AAE24}.Debug|Any CPU.ActiveCfg = Debug|Any CPU
		{3881A018-A204-45FC-948E-36E4E52AAE24}.Debug|Any CPU.Build.0 = Debug|Any CPU
		{3881A018-A204-45FC-948E-36E4E52AAE24}.Release|Any CPU.ActiveCfg = Release|Any CPU
		{3881A018-A204-45FC-948E-36E4E52AAE24}.Release|Any CPU.Build.0 = Release|Any CPU
	EndGlobalSection
	GlobalSection(SolutionProperties) = preSolution
		HideSolutionNode = FALSE
	EndGlobalSection
	GlobalSection(ExtensibilityGlobals) = postSolution
		SolutionGuid = {03950CF3-96C6-4BAF-9B73-56C9E9AFA21D}
	EndGlobalSection
EndGlobal
